
Microsoft Visual Studio Solution File, Format Version 12.00
# Visual Studio 15
VisualStudioVersion = 15.0.28307.705
MinimumVisualStudioVersion = 10.0.40219.1
Project("{FAE04EC0-301F-11D3-BF4B-00C04F79EFBC}") = "FileFinderXF", "FileFinderXF\FileFinderXF\FileFinderXF.csproj", "{910C71A9-DD98-4E35-AB5C-27F82D2AD374}"
EndProject
Project("{FAE04EC0-301F-11D3-BF4B-00C04F79EFBC}") = "FileFinderXF.Core", "FileFinderXF\FileFinderXF.Core\FileFinderXF.Core.csproj", "{23BBEB01-8E10-43BE-BA19-C3662ED776A9}"
EndProject
Project("{FAE04EC0-301F-11D3-BF4B-00C04F79EFBC}") = "FileFinderXF.Android", "FileFinderXF\FileFinderXF.Android\FileFinderXF.Android.csproj", "{C7B67ABC-6503-4544-9125-FA7ED4D0757B}"
EndProject
Project("{FAE04EC0-301F-11D3-BF4B-00C04F79EFBC}") = "FileFinderXF.iOS", "FileFinderXF\FileFinderXF.iOS\FileFinderXF.iOS.csproj", "{1EDDDCCA-FC77-4334-A87D-EDCCABDB9C64}"
EndProject
Project("{FAE04EC0-301F-11D3-BF4B-00C04F79EFBC}") = "FileFinderXF.UWP", "FileFinderXF\FileFinderXF.UWP\FileFinderXF.UWP.csproj", "{4A9B85C0-3702-4F86-94C3-9968551FD9BD}"
EndProject
Global
	GlobalSection(SolutionConfigurationPlatforms) = preSolution
		Ad-Hoc|Any CPU = Ad-Hoc|Any CPU
		Ad-Hoc|ARM = Ad-Hoc|ARM
		Ad-Hoc|ARM64 = Ad-Hoc|ARM64
		Ad-Hoc|iPhone = Ad-Hoc|iPhone
		Ad-Hoc|iPhoneSimulator = Ad-Hoc|iPhoneSimulator
		Ad-Hoc|x64 = Ad-Hoc|x64
		Ad-Hoc|x86 = Ad-Hoc|x86
		AppStore|Any CPU = AppStore|Any CPU
		AppStore|ARM = AppStore|ARM
		AppStore|ARM64 = AppStore|ARM64
		AppStore|iPhone = AppStore|iPhone
		AppStore|iPhoneSimulator = AppStore|iPhoneSimulator
		AppStore|x64 = AppStore|x64
		AppStore|x86 = AppStore|x86
		Debug|Any CPU = Debug|Any CPU
		Debug|ARM = Debug|ARM
		Debug|ARM64 = Debug|ARM64
		Debug|iPhone = Debug|iPhone
		Debug|iPhoneSimulator = Debug|iPhoneSimulator
		Debug|x64 = Debug|x64
		Debug|x86 = Debug|x86
		Release|Any CPU = Release|Any CPU
		Release|ARM = Release|ARM
		Release|ARM64 = Release|ARM64
		Release|iPhone = Release|iPhone
		Release|iPhoneSimulator = Release|iPhoneSimulator
		Release|x64 = Release|x64
		Release|x86 = Release|x86
	EndGlobalSection
	GlobalSection(ProjectConfigurationPlatforms) = postSolution
		{910C71A9-DD98-4E35-AB5C-27F82D2AD374}.Ad-Hoc|Any CPU.ActiveCfg = Debug|Any CPU
		{910C71A9-DD98-4E35-AB5C-27F82D2AD374}.Ad-Hoc|Any CPU.Build.0 = Debug|Any CPU
		{910C71A9-DD98-4E35-AB5C-27F82D2AD374}.Ad-Hoc|ARM.ActiveCfg = Debug|Any CPU
		{910C71A9-DD98-4E35-AB5C-27F82D2AD374}.Ad-Hoc|ARM.Build.0 = Debug|Any CPU
		{910C71A9-DD98-4E35-AB5C-27F82D2AD374}.Ad-Hoc|ARM64.ActiveCfg = Debug|Any CPU
		{910C71A9-DD98-4E35-AB5C-27F82D2AD374}.Ad-Hoc|ARM64.Build.0 = Debug|Any CPU
		{910C71A9-DD98-4E35-AB5C-27F82D2AD374}.Ad-Hoc|iPhone.ActiveCfg = Debug|Any CPU
		{910C71A9-DD98-4E35-AB5C-27F82D2AD374}.Ad-Hoc|iPhone.Build.0 = Debug|Any CPU
		{910C71A9-DD98-4E35-AB5C-27F82D2AD374}.Ad-Hoc|iPhoneSimulator.ActiveCfg = Debug|Any CPU
		{910C71A9-DD98-4E35-AB5C-27F82D2AD374}.Ad-Hoc|iPhoneSimulator.Build.0 = Debug|Any CPU
		{910C71A9-DD98-4E35-AB5C-27F82D2AD374}.Ad-Hoc|x64.ActiveCfg = Debug|Any CPU
		{910C71A9-DD98-4E35-AB5C-27F82D2AD374}.Ad-Hoc|x64.Build.0 = Debug|Any CPU
		{910C71A9-DD98-4E35-AB5C-27F82D2AD374}.Ad-Hoc|x86.ActiveCfg = Debug|Any CPU
		{910C71A9-DD98-4E35-AB5C-27F82D2AD374}.Ad-Hoc|x86.Build.0 = Debug|Any CPU
		{910C71A9-DD98-4E35-AB5C-27F82D2AD374}.AppStore|Any CPU.ActiveCfg = Debug|Any CPU
		{910C71A9-DD98-4E35-AB5C-27F82D2AD374}.AppStore|Any CPU.Build.0 = Debug|Any CPU
		{910C71A9-DD98-4E35-AB5C-27F82D2AD374}.AppStore|ARM.ActiveCfg = Debug|Any CPU
		{910C71A9-DD98-4E35-AB5C-27F82D2AD374}.AppStore|ARM.Build.0 = Debug|Any CPU
		{910C71A9-DD98-4E35-AB5C-27F82D2AD374}.AppStore|ARM64.ActiveCfg = Debug|Any CPU
		{910C71A9-DD98-4E35-AB5C-27F82D2AD374}.AppStore|ARM64.Build.0 = Debug|Any CPU
		{910C71A9-DD98-4E35-AB5C-27F82D2AD374}.AppStore|iPhone.ActiveCfg = Debug|Any CPU
		{910C71A9-DD98-4E35-AB5C-27F82D2AD374}.AppStore|iPhone.Build.0 = Debug|Any CPU
		{910C71A9-DD98-4E35-AB5C-27F82D2AD374}.AppStore|iPhoneSimulator.ActiveCfg = Debug|Any CPU
		{910C71A9-DD98-4E35-AB5C-27F82D2AD374}.AppStore|iPhoneSimulator.Build.0 = Debug|Any CPU
		{910C71A9-DD98-4E35-AB5C-27F82D2AD374}.AppStore|x64.ActiveCfg = Debug|Any CPU
		{910C71A9-DD98-4E35-AB5C-27F82D2AD374}.AppStore|x64.Build.0 = Debug|Any CPU
		{910C71A9-DD98-4E35-AB5C-27F82D2AD374}.AppStore|x86.ActiveCfg = Debug|Any CPU
		{910C71A9-DD98-4E35-AB5C-27F82D2AD374}.AppStore|x86.Build.0 = Debug|Any CPU
		{910C71A9-DD98-4E35-AB5C-27F82D2AD374}.Debug|Any CPU.ActiveCfg = Debug|Any CPU
		{910C71A9-DD98-4E35-AB5C-27F82D2AD374}.Debug|Any CPU.Build.0 = Debug|Any CPU
		{910C71A9-DD98-4E35-AB5C-27F82D2AD374}.Debug|ARM.ActiveCfg = Debug|Any CPU
		{910C71A9-DD98-4E35-AB5C-27F82D2AD374}.Debug|ARM.Build.0 = Debug|Any CPU
		{910C71A9-DD98-4E35-AB5C-27F82D2AD374}.Debug|ARM64.ActiveCfg = Debug|Any CPU
		{910C71A9-DD98-4E35-AB5C-27F82D2AD374}.Debug|ARM64.Build.0 = Debug|Any CPU
		{910C71A9-DD98-4E35-AB5C-27F82D2AD374}.Debug|iPhone.ActiveCfg = Debug|Any CPU
		{910C71A9-DD98-4E35-AB5C-27F82D2AD374}.Debug|iPhone.Build.0 = Debug|Any CPU
		{910C71A9-DD98-4E35-AB5C-27F82D2AD374}.Debug|iPhoneSimulator.ActiveCfg = Debug|Any CPU
		{910C71A9-DD98-4E35-AB5C-27F82D2AD374}.Debug|iPhoneSimulator.Build.0 = Debug|Any CPU
		{910C71A9-DD98-4E35-AB5C-27F82D2AD374}.Debug|x64.ActiveCfg = Debug|Any CPU
		{910C71A9-DD98-4E35-AB5C-27F82D2AD374}.Debug|x64.Build.0 = Debug|Any CPU
		{910C71A9-DD98-4E35-AB5C-27F82D2AD374}.Debug|x86.ActiveCfg = Debug|Any CPU
		{910C71A9-DD98-4E35-AB5C-27F82D2AD374}.Debug|x86.Build.0 = Debug|Any CPU
		{910C71A9-DD98-4E35-AB5C-27F82D2AD374}.Release|Any CPU.ActiveCfg = Release|Any CPU
		{910C71A9-DD98-4E35-AB5C-27F82D2AD374}.Release|Any CPU.Build.0 = Release|Any CPU
		{910C71A9-DD98-4E35-AB5C-27F82D2AD374}.Release|ARM.ActiveCfg = Release|Any CPU
		{910C71A9-DD98-4E35-AB5C-27F82D2AD374}.Release|ARM.Build.0 = Release|Any CPU
		{910C71A9-DD98-4E35-AB5C-27F82D2AD374}.Release|ARM64.ActiveCfg = Release|Any CPU
		{910C71A9-DD98-4E35-AB5C-27F82D2AD374}.Release|ARM64.Build.0 = Release|Any CPU
		{910C71A9-DD98-4E35-AB5C-27F82D2AD374}.Release|iPhone.ActiveCfg = Release|Any CPU
		{910C71A9-DD98-4E35-AB5C-27F82D2AD374}.Release|iPhone.Build.0 = Release|Any CPU
		{910C71A9-DD98-4E35-AB5C-27F82D2AD374}.Release|iPhoneSimulator.ActiveCfg = Release|Any CPU
		{910C71A9-DD98-4E35-AB5C-27F82D2AD374}.Release|iPhoneSimulator.Build.0 = Release|Any CPU
		{910C71A9-DD98-4E35-AB5C-27F82D2AD374}.Release|x64.ActiveCfg = Release|Any CPU
		{910C71A9-DD98-4E35-AB5C-27F82D2AD374}.Release|x64.Build.0 = Release|Any CPU
		{910C71A9-DD98-4E35-AB5C-27F82D2AD374}.Release|x86.ActiveCfg = Release|Any CPU
		{910C71A9-DD98-4E35-AB5C-27F82D2AD374}.Release|x86.Build.0 = Release|Any CPU
		{23BBEB01-8E10-43BE-BA19-C3662ED776A9}.Ad-Hoc|Any CPU.ActiveCfg = Debug|Any CPU
		{23BBEB01-8E10-43BE-BA19-C3662ED776A9}.Ad-Hoc|Any CPU.Build.0 = Debug|Any CPU
		{23BBEB01-8E10-43BE-BA19-C3662ED776A9}.Ad-Hoc|ARM.ActiveCfg = Debug|Any CPU
		{23BBEB01-8E10-43BE-BA19-C3662ED776A9}.Ad-Hoc|ARM.Build.0 = Debug|Any CPU
		{23BBEB01-8E10-43BE-BA19-C3662ED776A9}.Ad-Hoc|ARM64.ActiveCfg = Debug|Any CPU
		{23BBEB01-8E10-43BE-BA19-C3662ED776A9}.Ad-Hoc|ARM64.Build.0 = Debug|Any CPU
		{23BBEB01-8E10-43BE-BA19-C3662ED776A9}.Ad-Hoc|iPhone.ActiveCfg = Debug|Any CPU
		{23BBEB01-8E10-43BE-BA19-C3662ED776A9}.Ad-Hoc|iPhone.Build.0 = Debug|Any CPU
		{23BBEB01-8E10-43BE-BA19-C3662ED776A9}.Ad-Hoc|iPhoneSimulator.ActiveCfg = Debug|Any CPU
		{23BBEB01-8E10-43BE-BA19-C3662ED776A9}.Ad-Hoc|iPhoneSimulator.Build.0 = Debug|Any CPU
		{23BBEB01-8E10-43BE-BA19-C3662ED776A9}.Ad-Hoc|x64.ActiveCfg = Debug|Any CPU
		{23BBEB01-8E10-43BE-BA19-C3662ED776A9}.Ad-Hoc|x64.Build.0 = Debug|Any CPU
		{23BBEB01-8E10-43BE-BA19-C3662ED776A9}.Ad-Hoc|x86.ActiveCfg = Debug|Any CPU
		{23BBEB01-8E10-43BE-BA19-C3662ED776A9}.Ad-Hoc|x86.Build.0 = Debug|Any CPU
		{23BBEB01-8E10-43BE-BA19-C3662ED776A9}.AppStore|Any CPU.ActiveCfg = Debug|Any CPU
		{23BBEB01-8E10-43BE-BA19-C3662ED776A9}.AppStore|Any CPU.Build.0 = Debug|Any CPU
		{23BBEB01-8E10-43BE-BA19-C3662ED776A9}.AppStore|ARM.ActiveCfg = Debug|Any CPU
		{23BBEB01-8E10-43BE-BA19-C3662ED776A9}.AppStore|ARM.Build.0 = Debug|Any CPU
		{23BBEB01-8E10-43BE-BA19-C3662ED776A9}.AppStore|ARM64.ActiveCfg = Debug|Any CPU
		{23BBEB01-8E10-43BE-BA19-C3662ED776A9}.AppStore|ARM64.Build.0 = Debug|Any CPU
		{23BBEB01-8E10-43BE-BA19-C3662ED776A9}.AppStore|iPhone.ActiveCfg = Debug|Any CPU
		{23BBEB01-8E10-43BE-BA19-C3662ED776A9}.AppStore|iPhone.Build.0 = Debug|Any CPU
		{23BBEB01-8E10-43BE-BA19-C3662ED776A9}.AppStore|iPhoneSimulator.ActiveCfg = Debug|Any CPU
		{23BBEB01-8E10-43BE-BA19-C3662ED776A9}.AppStore|iPhoneSimulator.Build.0 = Debug|Any CPU
		{23BBEB01-8E10-43BE-BA19-C3662ED776A9}.AppStore|x64.ActiveCfg = Debug|Any CPU
		{23BBEB01-8E10-43BE-BA19-C3662ED776A9}.AppStore|x64.Build.0 = Debug|Any CPU
		{23BBEB01-8E10-43BE-BA19-C3662ED776A9}.AppStore|x86.ActiveCfg = Debug|Any CPU
		{23BBEB01-8E10-43BE-BA19-C3662ED776A9}.AppStore|x86.Build.0 = Debug|Any CPU
		{23BBEB01-8E10-43BE-BA19-C3662ED776A9}.Debug|Any CPU.ActiveCfg = Debug|Any CPU
		{23BBEB01-8E10-43BE-BA19-C3662ED776A9}.Debug|Any CPU.Build.0 = Debug|Any CPU
		{23BBEB01-8E10-43BE-BA19-C3662ED776A9}.Debug|ARM.ActiveCfg = Debug|Any CPU
		{23BBEB01-8E10-43BE-BA19-C3662ED776A9}.Debug|ARM.Build.0 = Debug|Any CPU
		{23BBEB01-8E10-43BE-BA19-C3662ED776A9}.Debug|ARM64.ActiveCfg = Debug|Any CPU
		{23BBEB01-8E10-43BE-BA19-C3662ED776A9}.Debug|ARM64.Build.0 = Debug|Any CPU
		{23BBEB01-8E10-43BE-BA19-C3662ED776A9}.Debug|iPhone.ActiveCfg = Debug|Any CPU
		{23BBEB01-8E10-43BE-BA19-C3662ED776A9}.Debug|iPhone.Build.0 = Debug|Any CPU
		{23BBEB01-8E10-43BE-BA19-C3662ED776A9}.Debug|iPhoneSimulator.ActiveCfg = Debug|Any CPU
		{23BBEB01-8E10-43BE-BA19-C3662ED776A9}.Debug|iPhoneSimulator.Build.0 = Debug|Any CPU
		{23BBEB01-8E10-43BE-BA19-C3662ED776A9}.Debug|x64.ActiveCfg = Debug|Any CPU
		{23BBEB01-8E10-43BE-BA19-C3662ED776A9}.Debug|x64.Build.0 = Debug|Any CPU
		{23BBEB01-8E10-43BE-BA19-C3662ED776A9}.Debug|x86.ActiveCfg = Debug|Any CPU
		{23BBEB01-8E10-43BE-BA19-C3662ED776A9}.Debug|x86.Build.0 = Debug|Any CPU
		{23BBEB01-8E10-43BE-BA19-C3662ED776A9}.Release|Any CPU.ActiveCfg = Release|Any CPU
		{23BBEB01-8E10-43BE-BA19-C3662ED776A9}.Release|Any CPU.Build.0 = Release|Any CPU
		{23BBEB01-8E10-43BE-BA19-C3662ED776A9}.Release|ARM.ActiveCfg = Release|Any CPU
		{23BBEB01-8E10-43BE-BA19-C3662ED776A9}.Release|ARM.Build.0 = Release|Any CPU
		{23BBEB01-8E10-43BE-BA19-C3662ED776A9}.Release|ARM64.ActiveCfg = Release|Any CPU
		{23BBEB01-8E10-43BE-BA19-C3662ED776A9}.Release|ARM64.Build.0 = Release|Any CPU
		{23BBEB01-8E10-43BE-BA19-C3662ED776A9}.Release|iPhone.ActiveCfg = Release|Any CPU
		{23BBEB01-8E10-43BE-BA19-C3662ED776A9}.Release|iPhone.Build.0 = Release|Any CPU
		{23BBEB01-8E10-43BE-BA19-C3662ED776A9}.Release|iPhoneSimulator.ActiveCfg = Release|Any CPU
		{23BBEB01-8E10-43BE-BA19-C3662ED776A9}.Release|iPhoneSimulator.Build.0 = Release|Any CPU
		{23BBEB01-8E10-43BE-BA19-C3662ED776A9}.Release|x64.ActiveCfg = Release|Any CPU
		{23BBEB01-8E10-43BE-BA19-C3662ED776A9}.Release|x64.Build.0 = Release|Any CPU
		{23BBEB01-8E10-43BE-BA19-C3662ED776A9}.Release|x86.ActiveCfg = Release|Any CPU
		{23BBEB01-8E10-43BE-BA19-C3662ED776A9}.Release|x86.Build.0 = Release|Any CPU
		{C7B67ABC-6503-4544-9125-FA7ED4D0757B}.Ad-Hoc|Any CPU.ActiveCfg = Release|Any CPU
		{C7B67ABC-6503-4544-9125-FA7ED4D0757B}.Ad-Hoc|Any CPU.Build.0 = Release|Any CPU
		{C7B67ABC-6503-4544-9125-FA7ED4D0757B}.Ad-Hoc|Any CPU.Deploy.0 = Release|Any CPU
		{C7B67ABC-6503-4544-9125-FA7ED4D0757B}.Ad-Hoc|ARM.ActiveCfg = Release|Any CPU
		{C7B67ABC-6503-4544-9125-FA7ED4D0757B}.Ad-Hoc|ARM.Build.0 = Release|Any CPU
		{C7B67ABC-6503-4544-9125-FA7ED4D0757B}.Ad-Hoc|ARM.Deploy.0 = Release|Any CPU
		{C7B67ABC-6503-4544-9125-FA7ED4D0757B}.Ad-Hoc|ARM64.ActiveCfg = Release|Any CPU
		{C7B67ABC-6503-4544-9125-FA7ED4D0757B}.Ad-Hoc|ARM64.Build.0 = Release|Any CPU
		{C7B67ABC-6503-4544-9125-FA7ED4D0757B}.Ad-Hoc|ARM64.Deploy.0 = Release|Any CPU
		{C7B67ABC-6503-4544-9125-FA7ED4D0757B}.Ad-Hoc|iPhone.ActiveCfg = Release|Any CPU
		{C7B67ABC-6503-4544-9125-FA7ED4D0757B}.Ad-Hoc|iPhone.Build.0 = Release|Any CPU
		{C7B67ABC-6503-4544-9125-FA7ED4D0757B}.Ad-Hoc|iPhone.Deploy.0 = Release|Any CPU
		{C7B67ABC-6503-4544-9125-FA7ED4D0757B}.Ad-Hoc|iPhoneSimulator.ActiveCfg = Release|Any CPU
		{C7B67ABC-6503-4544-9125-FA7ED4D0757B}.Ad-Hoc|iPhoneSimulator.Build.0 = Release|Any CPU
		{C7B67ABC-6503-4544-9125-FA7ED4D0757B}.Ad-Hoc|iPhoneSimulator.Deploy.0 = Release|Any CPU
		{C7B67ABC-6503-4544-9125-FA7ED4D0757B}.Ad-Hoc|x64.ActiveCfg = Release|Any CPU
		{C7B67ABC-6503-4544-9125-FA7ED4D0757B}.Ad-Hoc|x64.Build.0 = Release|Any CPU
		{C7B67ABC-6503-4544-9125-FA7ED4D0757B}.Ad-Hoc|x64.Deploy.0 = Release|Any CPU
		{C7B67ABC-6503-4544-9125-FA7ED4D0757B}.Ad-Hoc|x86.ActiveCfg = Release|Any CPU
		{C7B67ABC-6503-4544-9125-FA7ED4D0757B}.Ad-Hoc|x86.Build.0 = Release|Any CPU
		{C7B67ABC-6503-4544-9125-FA7ED4D0757B}.Ad-Hoc|x86.Deploy.0 = Release|Any CPU
		{C7B67ABC-6503-4544-9125-FA7ED4D0757B}.AppStore|Any CPU.ActiveCfg = Release|Any CPU
		{C7B67ABC-6503-4544-9125-FA7ED4D0757B}.AppStore|Any CPU.Build.0 = Release|Any CPU
		{C7B67ABC-6503-4544-9125-FA7ED4D0757B}.AppStore|Any CPU.Deploy.0 = Release|Any CPU
		{C7B67ABC-6503-4544-9125-FA7ED4D0757B}.AppStore|ARM.ActiveCfg = Release|Any CPU
		{C7B67ABC-6503-4544-9125-FA7ED4D0757B}.AppStore|ARM.Build.0 = Release|Any CPU
		{C7B67ABC-6503-4544-9125-FA7ED4D0757B}.AppStore|ARM.Deploy.0 = Release|Any CPU
		{C7B67ABC-6503-4544-9125-FA7ED4D0757B}.AppStore|ARM64.ActiveCfg = Release|Any CPU
		{C7B67ABC-6503-4544-9125-FA7ED4D0757B}.AppStore|ARM64.Build.0 = Release|Any CPU
		{C7B67ABC-6503-4544-9125-FA7ED4D0757B}.AppStore|ARM64.Deploy.0 = Release|Any CPU
		{C7B67ABC-6503-4544-9125-FA7ED4D0757B}.AppStore|iPhone.ActiveCfg = Release|Any CPU
		{C7B67ABC-6503-4544-9125-FA7ED4D0757B}.AppStore|iPhone.Build.0 = Release|Any CPU
		{C7B67ABC-6503-4544-9125-FA7ED4D0757B}.AppStore|iPhone.Deploy.0 = Release|Any CPU
		{C7B67ABC-6503-4544-9125-FA7ED4D0757B}.AppStore|iPhoneSimulator.ActiveCfg = Release|Any CPU
		{C7B67ABC-6503-4544-9125-FA7ED4D0757B}.AppStore|iPhoneSimulator.Build.0 = Release|Any CPU
		{C7B67ABC-6503-4544-9125-FA7ED4D0757B}.AppStore|iPhoneSimulator.Deploy.0 = Release|Any CPU
		{C7B67ABC-6503-4544-9125-FA7ED4D0757B}.AppStore|x64.ActiveCfg = Release|Any CPU
		{C7B67ABC-6503-4544-9125-FA7ED4D0757B}.AppStore|x64.Build.0 = Release|Any CPU
		{C7B67ABC-6503-4544-9125-FA7ED4D0757B}.AppStore|x64.Deploy.0 = Release|Any CPU
		{C7B67ABC-6503-4544-9125-FA7ED4D0757B}.AppStore|x86.ActiveCfg = Release|Any CPU
		{C7B67ABC-6503-4544-9125-FA7ED4D0757B}.AppStore|x86.Build.0 = Release|Any CPU
		{C7B67ABC-6503-4544-9125-FA7ED4D0757B}.AppStore|x86.Deploy.0 = Release|Any CPU
		{C7B67ABC-6503-4544-9125-FA7ED4D0757B}.Debug|Any CPU.ActiveCfg = Debug|Any CPU
		{C7B67ABC-6503-4544-9125-FA7ED4D0757B}.Debug|Any CPU.Build.0 = Debug|Any CPU
		{C7B67ABC-6503-4544-9125-FA7ED4D0757B}.Debug|Any CPU.Deploy.0 = Debug|Any CPU
		{C7B67ABC-6503-4544-9125-FA7ED4D0757B}.Debug|ARM.ActiveCfg = Debug|Any CPU
		{C7B67ABC-6503-4544-9125-FA7ED4D0757B}.Debug|ARM.Build.0 = Debug|Any CPU
		{C7B67ABC-6503-4544-9125-FA7ED4D0757B}.Debug|ARM.Deploy.0 = Debug|Any CPU
		{C7B67ABC-6503-4544-9125-FA7ED4D0757B}.Debug|ARM64.ActiveCfg = Debug|Any CPU
		{C7B67ABC-6503-4544-9125-FA7ED4D0757B}.Debug|ARM64.Build.0 = Debug|Any CPU
		{C7B67ABC-6503-4544-9125-FA7ED4D0757B}.Debug|ARM64.Deploy.0 = Debug|Any CPU
		{C7B67ABC-6503-4544-9125-FA7ED4D0757B}.Debug|iPhone.ActiveCfg = Debug|Any CPU
		{C7B67ABC-6503-4544-9125-FA7ED4D0757B}.Debug|iPhone.Build.0 = Debug|Any CPU
		{C7B67ABC-6503-4544-9125-FA7ED4D0757B}.Debug|iPhone.Deploy.0 = Debug|Any CPU
		{C7B67ABC-6503-4544-9125-FA7ED4D0757B}.Debug|iPhoneSimulator.ActiveCfg = Debug|Any CPU
		{C7B67ABC-6503-4544-9125-FA7ED4D0757B}.Debug|iPhoneSimulator.Build.0 = Debug|Any CPU
		{C7B67ABC-6503-4544-9125-FA7ED4D0757B}.Debug|iPhoneSimulator.Deploy.0 = Debug|Any CPU
		{C7B67ABC-6503-4544-9125-FA7ED4D0757B}.Debug|x64.ActiveCfg = Debug|Any CPU
		{C7B67ABC-6503-4544-9125-FA7ED4D0757B}.Debug|x64.Build.0 = Debug|Any CPU
		{C7B67ABC-6503-4544-9125-FA7ED4D0757B}.Debug|x64.Deploy.0 = Debug|Any CPU
		{C7B67ABC-6503-4544-9125-FA7ED4D0757B}.Debug|x86.ActiveCfg = Debug|Any CPU
		{C7B67ABC-6503-4544-9125-FA7ED4D0757B}.Release|Any CPU.ActiveCfg = Release|Any CPU
		{C7B67ABC-6503-4544-9125-FA7ED4D0757B}.Release|Any CPU.Build.0 = Release|Any CPU
		{C7B67ABC-6503-4544-9125-FA7ED4D0757B}.Release|Any CPU.Deploy.0 = Release|Any CPU
		{C7B67ABC-6503-4544-9125-FA7ED4D0757B}.Release|ARM.ActiveCfg = Release|Any CPU
		{C7B67ABC-6503-4544-9125-FA7ED4D0757B}.Release|ARM.Build.0 = Release|Any CPU
		{C7B67ABC-6503-4544-9125-FA7ED4D0757B}.Release|ARM.Deploy.0 = Release|Any CPU
		{C7B67ABC-6503-4544-9125-FA7ED4D0757B}.Release|ARM64.ActiveCfg = Release|Any CPU
		{C7B67ABC-6503-4544-9125-FA7ED4D0757B}.Release|ARM64.Build.0 = Release|Any CPU
		{C7B67ABC-6503-4544-9125-FA7ED4D0757B}.Release|ARM64.Deploy.0 = Release|Any CPU
		{C7B67ABC-6503-4544-9125-FA7ED4D0757B}.Release|iPhone.ActiveCfg = Release|Any CPU
		{C7B67ABC-6503-4544-9125-FA7ED4D0757B}.Release|iPhone.Build.0 = Release|Any CPU
		{C7B67ABC-6503-4544-9125-FA7ED4D0757B}.Release|iPhone.Deploy.0 = Release|Any CPU
		{C7B67ABC-6503-4544-9125-FA7ED4D0757B}.Release|iPhoneSimulator.ActiveCfg = Release|Any CPU
		{C7B67ABC-6503-4544-9125-FA7ED4D0757B}.Release|iPhoneSimulator.Build.0 = Release|Any CPU
		{C7B67ABC-6503-4544-9125-FA7ED4D0757B}.Release|iPhoneSimulator.Deploy.0 = Release|Any CPU
		{C7B67ABC-6503-4544-9125-FA7ED4D0757B}.Release|x64.ActiveCfg = Release|Any CPU
		{C7B67ABC-6503-4544-9125-FA7ED4D0757B}.Release|x64.Build.0 = Release|Any CPU
		{C7B67ABC-6503-4544-9125-FA7ED4D0757B}.Release|x64.Deploy.0 = Release|Any CPU
		{C7B67ABC-6503-4544-9125-FA7ED4D0757B}.Release|x86.ActiveCfg = Release|Any CPU
		{C7B67ABC-6503-4544-9125-FA7ED4D0757B}.Release|x86.Build.0 = Release|Any CPU
		{C7B67ABC-6503-4544-9125-FA7ED4D0757B}.Release|x86.Deploy.0 = Release|Any CPU
		{1EDDDCCA-FC77-4334-A87D-EDCCABDB9C64}.Ad-Hoc|Any CPU.ActiveCfg = Ad-Hoc|iPhone
		{1EDDDCCA-FC77-4334-A87D-EDCCABDB9C64}.Ad-Hoc|ARM.ActiveCfg = Ad-Hoc|iPhone
		{1EDDDCCA-FC77-4334-A87D-EDCCABDB9C64}.Ad-Hoc|ARM64.ActiveCfg = Ad-Hoc|iPhone
		{1EDDDCCA-FC77-4334-A87D-EDCCABDB9C64}.Ad-Hoc|iPhone.ActiveCfg = Ad-Hoc|iPhone
		{1EDDDCCA-FC77-4334-A87D-EDCCABDB9C64}.Ad-Hoc|iPhone.Build.0 = Ad-Hoc|iPhone
		{1EDDDCCA-FC77-4334-A87D-EDCCABDB9C64}.Ad-Hoc|iPhoneSimulator.ActiveCfg = Ad-Hoc|iPhoneSimulator
		{1EDDDCCA-FC77-4334-A87D-EDCCABDB9C64}.Ad-Hoc|iPhoneSimulator.Build.0 = Ad-Hoc|iPhoneSimulator
		{1EDDDCCA-FC77-4334-A87D-EDCCABDB9C64}.Ad-Hoc|x64.ActiveCfg = Ad-Hoc|iPhone
		{1EDDDCCA-FC77-4334-A87D-EDCCABDB9C64}.Ad-Hoc|x86.ActiveCfg = Ad-Hoc|iPhone
		{1EDDDCCA-FC77-4334-A87D-EDCCABDB9C64}.AppStore|Any CPU.ActiveCfg = AppStore|iPhone
		{1EDDDCCA-FC77-4334-A87D-EDCCABDB9C64}.AppStore|ARM.ActiveCfg = AppStore|iPhone
		{1EDDDCCA-FC77-4334-A87D-EDCCABDB9C64}.AppStore|ARM64.ActiveCfg = AppStore|iPhone
		{1EDDDCCA-FC77-4334-A87D-EDCCABDB9C64}.AppStore|iPhone.ActiveCfg = AppStore|iPhone
		{1EDDDCCA-FC77-4334-A87D-EDCCABDB9C64}.AppStore|iPhone.Build.0 = AppStore|iPhone
		{1EDDDCCA-FC77-4334-A87D-EDCCABDB9C64}.AppStore|iPhoneSimulator.ActiveCfg = AppStore|iPhoneSimulator
		{1EDDDCCA-FC77-4334-A87D-EDCCABDB9C64}.AppStore|iPhoneSimulator.Build.0 = AppStore|iPhoneSimulator
		{1EDDDCCA-FC77-4334-A87D-EDCCABDB9C64}.AppStore|x64.ActiveCfg = AppStore|iPhone
		{1EDDDCCA-FC77-4334-A87D-EDCCABDB9C64}.AppStore|x86.ActiveCfg = AppStore|iPhone
		{1EDDDCCA-FC77-4334-A87D-EDCCABDB9C64}.Debug|Any CPU.ActiveCfg = Debug|iPhone
		{1EDDDCCA-FC77-4334-A87D-EDCCABDB9C64}.Debug|ARM.ActiveCfg = Debug|iPhone
		{1EDDDCCA-FC77-4334-A87D-EDCCABDB9C64}.Debug|ARM64.ActiveCfg = Debug|iPhone
		{1EDDDCCA-FC77-4334-A87D-EDCCABDB9C64}.Debug|iPhone.ActiveCfg = Debug|iPhone
		{1EDDDCCA-FC77-4334-A87D-EDCCABDB9C64}.Debug|iPhone.Build.0 = Debug|iPhone
		{1EDDDCCA-FC77-4334-A87D-EDCCABDB9C64}.Debug|iPhoneSimulator.ActiveCfg = Debug|iPhoneSimulator
		{1EDDDCCA-FC77-4334-A87D-EDCCABDB9C64}.Debug|iPhoneSimulator.Build.0 = Debug|iPhoneSimulator
		{1EDDDCCA-FC77-4334-A87D-EDCCABDB9C64}.Debug|x64.ActiveCfg = Debug|iPhone
		{1EDDDCCA-FC77-4334-A87D-EDCCABDB9C64}.Debug|x86.ActiveCfg = Debug|iPhone
		{1EDDDCCA-FC77-4334-A87D-EDCCABDB9C64}.Release|Any CPU.ActiveCfg = Release|iPhone
		{1EDDDCCA-FC77-4334-A87D-EDCCABDB9C64}.Release|ARM.ActiveCfg = Release|iPhone
		{1EDDDCCA-FC77-4334-A87D-EDCCABDB9C64}.Release|ARM64.ActiveCfg = Release|iPhone
		{1EDDDCCA-FC77-4334-A87D-EDCCABDB9C64}.Release|iPhone.ActiveCfg = Release|iPhone
		{1EDDDCCA-FC77-4334-A87D-EDCCABDB9C64}.Release|iPhone.Build.0 = Release|iPhone
		{1EDDDCCA-FC77-4334-A87D-EDCCABDB9C64}.Release|iPhoneSimulator.ActiveCfg = Release|iPhoneSimulator
		{1EDDDCCA-FC77-4334-A87D-EDCCABDB9C64}.Release|iPhoneSimulator.Build.0 = Release|iPhoneSimulator
		{1EDDDCCA-FC77-4334-A87D-EDCCABDB9C64}.Release|x64.ActiveCfg = Release|iPhone
		{1EDDDCCA-FC77-4334-A87D-EDCCABDB9C64}.Release|x86.ActiveCfg = Release|iPhone
		{4A9B85C0-3702-4F86-94C3-9968551FD9BD}.Ad-Hoc|Any CPU.ActiveCfg = Release|x64
		{4A9B85C0-3702-4F86-94C3-9968551FD9BD}.Ad-Hoc|Any CPU.Build.0 = Release|x64
		{4A9B85C0-3702-4F86-94C3-9968551FD9BD}.Ad-Hoc|Any CPU.Deploy.0 = Release|x64
		{4A9B85C0-3702-4F86-94C3-9968551FD9BD}.Ad-Hoc|ARM.ActiveCfg = Release|ARM
		{4A9B85C0-3702-4F86-94C3-9968551FD9BD}.Ad-Hoc|ARM.Build.0 = Release|ARM
		{4A9B85C0-3702-4F86-94C3-9968551FD9BD}.Ad-Hoc|ARM.Deploy.0 = Release|ARM
		{4A9B85C0-3702-4F86-94C3-9968551FD9BD}.Ad-Hoc|ARM64.ActiveCfg = Release|ARM64
		{4A9B85C0-3702-4F86-94C3-9968551FD9BD}.Ad-Hoc|ARM64.Build.0 = Release|ARM64
		{4A9B85C0-3702-4F86-94C3-9968551FD9BD}.Ad-Hoc|ARM64.Deploy.0 = Release|ARM64
		{4A9B85C0-3702-4F86-94C3-9968551FD9BD}.Ad-Hoc|iPhone.ActiveCfg = Release|x64
		{4A9B85C0-3702-4F86-94C3-9968551FD9BD}.Ad-Hoc|iPhone.Build.0 = Release|x64
		{4A9B85C0-3702-4F86-94C3-9968551FD9BD}.Ad-Hoc|iPhone.Deploy.0 = Release|x64
		{4A9B85C0-3702-4F86-94C3-9968551FD9BD}.Ad-Hoc|iPhoneSimulator.ActiveCfg = Release|x64
		{4A9B85C0-3702-4F86-94C3-9968551FD9BD}.Ad-Hoc|iPhoneSimulator.Build.0 = Release|x64
		{4A9B85C0-3702-4F86-94C3-9968551FD9BD}.Ad-Hoc|iPhoneSimulator.Deploy.0 = Release|x64
		{4A9B85C0-3702-4F86-94C3-9968551FD9BD}.Ad-Hoc|x64.ActiveCfg = Release|x64
		{4A9B85C0-3702-4F86-94C3-9968551FD9BD}.Ad-Hoc|x64.Build.0 = Release|x64
		{4A9B85C0-3702-4F86-94C3-9968551FD9BD}.Ad-Hoc|x64.Deploy.0 = Release|x64
		{4A9B85C0-3702-4F86-94C3-9968551FD9BD}.Ad-Hoc|x86.ActiveCfg = Release|x86
		{4A9B85C0-3702-4F86-94C3-9968551FD9BD}.Ad-Hoc|x86.Build.0 = Release|x86
		{4A9B85C0-3702-4F86-94C3-9968551FD9BD}.Ad-Hoc|x86.Deploy.0 = Release|x86
		{4A9B85C0-3702-4F86-94C3-9968551FD9BD}.AppStore|Any CPU.ActiveCfg = Release|x64
		{4A9B85C0-3702-4F86-94C3-9968551FD9BD}.AppStore|Any CPU.Build.0 = Release|x64
		{4A9B85C0-3702-4F86-94C3-9968551FD9BD}.AppStore|Any CPU.Deploy.0 = Release|x64
		{4A9B85C0-3702-4F86-94C3-9968551FD9BD}.AppStore|ARM.ActiveCfg = Release|ARM
		{4A9B85C0-3702-4F86-94C3-9968551FD9BD}.AppStore|ARM.Build.0 = Release|ARM
		{4A9B85C0-3702-4F86-94C3-9968551FD9BD}.AppStore|ARM.Deploy.0 = Release|ARM
		{4A9B85C0-3702-4F86-94C3-9968551FD9BD}.AppStore|ARM64.ActiveCfg = Release|ARM64
		{4A9B85C0-3702-4F86-94C3-9968551FD9BD}.AppStore|ARM64.Build.0 = Release|ARM64
		{4A9B85C0-3702-4F86-94C3-9968551FD9BD}.AppStore|ARM64.Deploy.0 = Release|ARM64
		{4A9B85C0-3702-4F86-94C3-9968551FD9BD}.AppStore|iPhone.ActiveCfg = Release|x64
		{4A9B85C0-3702-4F86-94C3-9968551FD9BD}.AppStore|iPhone.Build.0 = Release|x64
		{4A9B85C0-3702-4F86-94C3-9968551FD9BD}.AppStore|iPhone.Deploy.0 = Release|x64
		{4A9B85C0-3702-4F86-94C3-9968551FD9BD}.AppStore|iPhoneSimulator.ActiveCfg = Release|x64
		{4A9B85C0-3702-4F86-94C3-9968551FD9BD}.AppStore|iPhoneSimulator.Build.0 = Release|x64
		{4A9B85C0-3702-4F86-94C3-9968551FD9BD}.AppStore|iPhoneSimulator.Deploy.0 = Release|x64
		{4A9B85C0-3702-4F86-94C3-9968551FD9BD}.AppStore|x64.ActiveCfg = Release|x64
		{4A9B85C0-3702-4F86-94C3-9968551FD9BD}.AppStore|x64.Build.0 = Release|x64
		{4A9B85C0-3702-4F86-94C3-9968551FD9BD}.AppStore|x64.Deploy.0 = Release|x64
		{4A9B85C0-3702-4F86-94C3-9968551FD9BD}.AppStore|x86.ActiveCfg = Release|x86
		{4A9B85C0-3702-4F86-94C3-9968551FD9BD}.AppStore|x86.Build.0 = Release|x86
		{4A9B85C0-3702-4F86-94C3-9968551FD9BD}.AppStore|x86.Deploy.0 = Release|x86
		{4A9B85C0-3702-4F86-94C3-9968551FD9BD}.Debug|Any CPU.ActiveCfg = Debug|x86
		{4A9B85C0-3702-4F86-94C3-9968551FD9BD}.Debug|ARM.ActiveCfg = Debug|ARM
		{4A9B85C0-3702-4F86-94C3-9968551FD9BD}.Debug|ARM.Build.0 = Debug|ARM
		{4A9B85C0-3702-4F86-94C3-9968551FD9BD}.Debug|ARM.Deploy.0 = Debug|ARM
		{4A9B85C0-3702-4F86-94C3-9968551FD9BD}.Debug|ARM64.ActiveCfg = Debug|ARM64
		{4A9B85C0-3702-4F86-94C3-9968551FD9BD}.Debug|ARM64.Build.0 = Debug|ARM64
		{4A9B85C0-3702-4F86-94C3-9968551FD9BD}.Debug|ARM64.Deploy.0 = Debug|ARM64
		{4A9B85C0-3702-4F86-94C3-9968551FD9BD}.Debug|iPhone.ActiveCfg = Debug|x86
		{4A9B85C0-3702-4F86-94C3-9968551FD9BD}.Debug|iPhoneSimulator.ActiveCfg = Debug|x86
		{4A9B85C0-3702-4F86-94C3-9968551FD9BD}.Debug|x64.ActiveCfg = Debug|x64
		{4A9B85C0-3702-4F86-94C3-9968551FD9BD}.Debug|x64.Build.0 = Debug|x64
		{4A9B85C0-3702-4F86-94C3-9968551FD9BD}.Debug|x64.Deploy.0 = Debug|x64
		{4A9B85C0-3702-4F86-94C3-9968551FD9BD}.Debug|x86.ActiveCfg = Debug|x86
		{4A9B85C0-3702-4F86-94C3-9968551FD9BD}.Debug|x86.Build.0 = Debug|x86
		{4A9B85C0-3702-4F86-94C3-9968551FD9BD}.Debug|x86.Deploy.0 = Debug|x86
		{4A9B85C0-3702-4F86-94C3-9968551FD9BD}.Release|Any CPU.ActiveCfg = Release|x86
		{4A9B85C0-3702-4F86-94C3-9968551FD9BD}.Release|ARM.ActiveCfg = Release|ARM
		{4A9B85C0-3702-4F86-94C3-9968551FD9BD}.Release|ARM.Build.0 = Release|ARM
		{4A9B85C0-3702-4F86-94C3-9968551FD9BD}.Release|ARM.Deploy.0 = Release|ARM
		{4A9B85C0-3702-4F86-94C3-9968551FD9BD}.Release|ARM64.ActiveCfg = Release|ARM64
		{4A9B85C0-3702-4F86-94C3-9968551FD9BD}.Release|ARM64.Build.0 = Release|ARM64
		{4A9B85C0-3702-4F86-94C3-9968551FD9BD}.Release|ARM64.Deploy.0 = Release|ARM64
		{4A9B85C0-3702-4F86-94C3-9968551FD9BD}.Release|iPhone.ActiveCfg = Release|x86
		{4A9B85C0-3702-4F86-94C3-9968551FD9BD}.Release|iPhoneSimulator.ActiveCfg = Release|x86
		{4A9B85C0-3702-4F86-94C3-9968551FD9BD}.Release|x64.ActiveCfg = Release|x64
		{4A9B85C0-3702-4F86-94C3-9968551FD9BD}.Release|x64.Build.0 = Release|x64
		{4A9B85C0-3702-4F86-94C3-9968551FD9BD}.Release|x64.Deploy.0 = Release|x64
		{4A9B85C0-3702-4F86-94C3-9968551FD9BD}.Release|x86.ActiveCfg = Release|x86
		{4A9B85C0-3702-4F86-94C3-9968551FD9BD}.Release|x86.Build.0 = Release|x86
		{4A9B85C0-3702-4F86-94C3-9968551FD9BD}.Release|x86.Deploy.0 = Release|x86
	EndGlobalSection
	GlobalSection(SolutionProperties) = preSolution
		HideSolutionNode = FALSE
	EndGlobalSection
	GlobalSection(ExtensibilityGlobals) = postSolution
		SolutionGuid = {24648122-51DB-4C39-BB82-351D37B36083}
	EndGlobalSection
EndGlobal
